
Microsoft Visual Studio Solution File, Format Version 12.00
# Visual Studio Version 16
VisualStudioVersion = 16.0.32126.315
MinimumVisualStudioVersion = 10.0.40219.1
Project("{FAE04EC0-301F-11D3-BF4B-00C04F79EFBC}") = "DbPlc.Entities", "DbPlc.EntityFramework\DbPlc.Entities.csproj", "{07EF619C-24A1-4F97-ACB3-7039B4A99D78}"
EndProject
Project("{FAE04EC0-301F-11D3-BF4B-00C04F79EFBC}") = "DbPlc.WEBMVCUI", "DbPlc.WEBMVCUI\DbPlc.WEBMVCUI.csproj", "{6D8F7BDA-59AF-4721-80CF-300D9E0B5F1B}"
EndProject
Project("{FAE04EC0-301F-11D3-BF4B-00C04F79EFBC}") = "DbPlc.Service", "DbPlc.Service\DbPlc.Service.csproj", "{4B834D55-B655-42EE-8852-B43EDB2D6C97}"
EndProject
Global
	GlobalSection(SolutionConfigurationPlatforms) = preSolution
		Debug|Any CPU = Debug|Any CPU
		Release|Any CPU = Release|Any CPU
	EndGlobalSection
	GlobalSection(ProjectConfigurationPlatforms) = postSolution
		{07EF619C-24A1-4F97-ACB3-7039B4A99D78}.Debug|Any CPU.ActiveCfg = Debug|Any CPU
		{07EF619C-24A1-4F97-ACB3-7039B4A99D78}.Debug|Any CPU.Build.0 = Debug|Any CPU
		{07EF619C-24A1-4F97-ACB3-7039B4A99D78}.Release|Any CPU.ActiveCfg = Release|Any CPU
		{07EF619C-24A1-4F97-ACB3-7039B4A99D78}.Release|Any CPU.Build.0 = Release|Any CPU
		{6D8F7BDA-59AF-4721-80CF-300D9E0B5F1B}.Debug|Any CPU.ActiveCfg = Debug|Any CPU
		{6D8F7BDA-59AF-4721-80CF-300D9E0B5F1B}.Debug|Any CPU.Build.0 = Debug|Any CPU
		{6D8F7BDA-59AF-4721-80CF-300D9E0B5F1B}.Release|Any CPU.ActiveCfg = Release|Any CPU
		{6D8F7BDA-59AF-4721-80CF-300D9E0B5F1B}.Release|Any CPU.Build.0 = Release|Any CPU
		{4B834D55-B655-42EE-8852-B43EDB2D6C97}.Debug|Any CPU.ActiveCfg = Debug|Any CPU
		{4B834D55-B655-42EE-8852-B43EDB2D6C97}.Debug|Any CPU.Build.0 = Debug|Any CPU
		{4B834D55-B655-42EE-8852-B43EDB2D6C97}.Release|Any CPU.ActiveCfg = Release|Any CPU
		{4B834D55-B655-42EE-8852-B43EDB2D6C97}.Release|Any CPU.Build.0 = Release|Any CPU
	EndGlobalSection
	GlobalSection(SolutionProperties) = preSolution
		HideSolutionNode = FALSE
	EndGlobalSection
	GlobalSection(ExtensibilityGlobals) = postSolution
		SolutionGuid = {81ED903C-DE80-4365-813B-16126F33D7F8}
	EndGlobalSection
EndGlobal
